
Microsoft Visual Studio Solution File, Format Version 12.00
# Visual Studio Version 17
VisualStudioVersion = 17.9.34622.214
MinimumVisualStudioVersion = 10.0.40219.1
Project("{888888A0-9F3D-457C-B088-3A5042F75D52}") = "Direction -1 or 1", "Direction -1 or 1.pyproj", "{DE6D8E98-B279-4E18-B5B3-C49CB8E6712E}"
EndProject
Global
	GlobalSection(SolutionConfigurationPlatforms) = preSolution
		Debug|Any CPU = Debug|Any CPU
		Release|Any CPU = Release|Any CPU
	EndGlobalSection
	GlobalSection(ProjectConfigurationPlatforms) = postSolution
		{DE6D8E98-B279-4E18-B5B3-C49CB8E6712E}.Debug|Any CPU.ActiveCfg = Debug|Any CPU
		{DE6D8E98-B279-4E18-B5B3-C49CB8E6712E}.Release|Any CPU.ActiveCfg = Release|Any CPU
	EndGlobalSection
	GlobalSection(SolutionProperties) = preSolution
		HideSolutionNode = FALSE
	EndGlobalSection
	GlobalSection(ExtensibilityGlobals) = postSolution
		SolutionGuid = {BBB02FB5-7DDD-4C03-9F52-31BDF5107551}
	EndGlobalSection
EndGlobal
